{
  "name": "Benchmark.DragonEcs",
  "lockfileVersion": 3,
  "requires": true,
  "packages": {
    "": {
      "devDependencies": {
        "ecs.benchmark.dragonecs": "github:cNoNim/ecs-benchmark-dragonecs"
      }
    },
    "node_modules/ecs.benchmark.dragonecs": {
      "version": "1.0.0",
      "resolved": "git+ssh://git@github.com/cNoNim/ecs-benchmark-dragonecs.git#75c0b2b87c6ba9f1e1a8207bd3a20b922f3c105a",
      "dev": true
    }
  }
}
