{
  "name": "Benchmark.Morpeh",
  "lockfileVersion": 3,
  "requires": true,
  "packages": {
    "": {
      "devDependencies": {
        "ecs.benchmark.morpeh": "github:cNoNim/ecs-benchmark-morpeh"
      }
    },
    "node_modules/ecs.benchmark.morpeh": {
      "version": "1.0.0",
      "resolved": "git+ssh://git@github.com/cNoNim/ecs-benchmark-morpeh.git#ffc6c698a8be78628a746a2f33104199a4ab3a77",
      "dev": true
    }
  }
}
