{
  "name": "Benchmark.Morpeh",
  "lockfileVersion": 3,
  "requires": true,
  "packages": {
    "": {
      "devDependencies": {
        "ecs.benchmark.morpeh": "github:cNoNim/ecs-benchmark-morpeh"
      }
    },
    "node_modules/ecs.benchmark.morpeh": {
      "version": "1.0.0",
      "resolved": "git+ssh://git@github.com/cNoNim/ecs-benchmark-morpeh.git#f123b20995951f8831ee069ebfa60e2250487f1c",
      "dev": true
    }
  }
}
