{
  "name": "Benchmark.Morpeh",
  "lockfileVersion": 3,
  "requires": true,
  "packages": {
    "": {
      "devDependencies": {
        "ecs.benchmark.morpeh": "github:cNoNim/ecs-benchmark-morpeh"
      }
    },
    "node_modules/ecs.benchmark.morpeh": {
      "version": "1.0.0",
      "resolved": "git+ssh://git@github.com/cNoNim/ecs-benchmark-morpeh.git#ebfb94c73e580ddc9c0f9e5023c00c0e776d630d",
      "dev": true
    }
  }
}
