{
  "name": "Benchmark.EcsLite",
  "lockfileVersion": 3,
  "requires": true,
  "packages": {
    "": {
      "devDependencies": {
        "ecs.benchmark.ecslite": "github:cNoNim/ecs-benchmark-ecslite"
      }
    },
    "node_modules/ecs.benchmark.ecslite": {
      "version": "1.0.0",
      "resolved": "git+ssh://git@github.com/cNoNim/ecs-benchmark-ecslite.git#86c57115264b5f2267da6d7411f7b8568d7edbcf",
      "dev": true
    }
  }
}
