{
  "name": "Benchmark.EcsLite",
  "lockfileVersion": 3,
  "requires": true,
  "packages": {
    "": {
      "devDependencies": {
        "ecs.benchmark.ecslite": "github:cNoNim/ecs-benchmark-ecslite"
      }
    },
    "node_modules/ecs.benchmark.ecslite": {
      "version": "1.0.0",
      "resolved": "git+ssh://git@github.com/cNoNim/ecs-benchmark-ecslite.git#5c3b91d1de47852194a0d0c56c1ae5914ef100df",
      "dev": true
    }
  }
}
