{
  "name": "Benchmark.EcsLite",
  "lockfileVersion": 3,
  "requires": true,
  "packages": {
    "": {
      "devDependencies": {
        "ecs.benchmark.ecslite": "github:cNoNim/ecs-benchmark-ecslite"
      }
    },
    "node_modules/ecs.benchmark.ecslite": {
      "version": "1.0.0",
      "resolved": "git+ssh://git@github.com/cNoNim/ecs-benchmark-ecslite.git#47350ba2be2dcb956dfd4a3c6bf7032bbf501692",
      "dev": true
    }
  }
}
