{
  "name": "Benchmark.FrifloEcs",
  "lockfileVersion": 3,
  "requires": true,
  "packages": {
    "": {
      "devDependencies": {
        "ecs.benchmark.frifloecs": "github:cNoNim/ecs-benchmark-frifloecs"
      }
    },
    "node_modules/ecs.benchmark.frifloecs": {
      "version": "1.0.0",
      "resolved": "git+ssh://git@github.com/cNoNim/ecs-benchmark-frifloecs.git#c9a2bf76b3a64c5cfb622885551b28adabead292",
      "dev": true
    }
  }
}
