{
  "name": "Benchmark.FrifloEcs",
  "lockfileVersion": 3,
  "requires": true,
  "packages": {
    "": {
      "devDependencies": {
        "ecs.benchmark.frifloecs": "github:cNoNim/ecs-benchmark-frifloecs"
      }
    },
    "node_modules/ecs.benchmark.frifloecs": {
      "version": "1.0.0",
      "resolved": "git+ssh://git@github.com/cNoNim/ecs-benchmark-frifloecs.git#ec48f225071b0e7a817ded9d286e46057ab4e8df",
      "dev": true
    }
  }
}
