{
  "name": "Benchmark.FrifloEcs",
  "lockfileVersion": 3,
  "requires": true,
  "packages": {
    "": {
      "devDependencies": {
        "ecs.benchmark.frifloecs": "github:cNoNim/ecs-benchmark-frifloecs"
      }
    },
    "node_modules/ecs.benchmark.frifloecs": {
      "version": "1.0.0",
      "resolved": "git+ssh://git@github.com/cNoNim/ecs-benchmark-frifloecs.git#3c4a99742a5d9357ce9b20bd4b3bf0aa784845f6",
      "dev": true
    }
  }
}
