
Microsoft Visual Studio Solution File, Format Version 12.00
Project("{FAE04EC0-301F-11D3-BF4B-00C04F79EFBC}") = "Benchmark.Core", "Benchmark.Core\Benchmark.Core.csproj", "{67C30E06-609E-4386-88A5-F08242ACBFF2}"
EndProject
Project("{FAE04EC0-301F-11D3-BF4B-00C04F79EFBC}") = "Benchmark.Generator", "Benchmark.Generator\Benchmark.Generator.csproj", "{6807FD8B-9146-4293-9CCF-AB5863552881}"
EndProject
Project("{FAE04EC0-301F-11D3-BF4B-00C04F79EFBC}") = "Benchmark.Tests", "Benchmark.Tests\Benchmark.Tests.csproj", "{B44B2AB0-F287-405B-956E-C5CB0B4F4DC9}"
EndProject
Project("{FAE04EC0-301F-11D3-BF4B-00C04F79EFBC}") = "Benchmark.Runner", "Benchmark.Runner\Benchmark.Runner.csproj", "{224542B3-E4B9-410D-B0B8-5FF150E5B9E2}"
EndProject
Project("{2150E333-8FDC-42A3-9474-1A3956D46DE8}") = "Public", "Public", "{ACED2177-0060-4689-8661-09E070EFB9D9}"
EndProject
Project("{FAE04EC0-301F-11D3-BF4B-00C04F79EFBC}") = "Benchmark.ArchEcs", "Public\Benchmark.ArchEcs\Benchmark.ArchEcs.csproj", "{3672B2A9-3E1A-43A7-8F75-B1C79A00290E}"
EndProject
Project("{FAE04EC0-301F-11D3-BF4B-00C04F79EFBC}") = "Benchmark.DragonEcs", "Public\Benchmark.DragonEcs\Benchmark.DragonEcs.csproj", "{CE5DE06F-6BF8-43B6-ACFC-A46187377582}"
EndProject
Project("{FAE04EC0-301F-11D3-BF4B-00C04F79EFBC}") = "Benchmark.EcsLite", "Public\Benchmark.EcsLite\Benchmark.EcsLite.csproj", "{38FE59DD-BAA5-4EED-958E-0653D955C77E}"
EndProject
Project("{FAE04EC0-301F-11D3-BF4B-00C04F79EFBC}") = "Benchmark.FrifloEcs", "Public\Benchmark.FrifloEcs\Benchmark.FrifloEcs.csproj", "{772C9C02-03FF-43D2-824F-C8FF0D66B259}"
EndProject
Project("{FAE04EC0-301F-11D3-BF4B-00C04F79EFBC}") = "Benchmark.Morpeh", "Public\Benchmark.Morpeh\Benchmark.Morpeh.csproj", "{465D0862-EC5C-49BB-8D43-BE5266BBC022}"
EndProject
Project("{2150E333-8FDC-42A3-9474-1A3956D46DE8}") = "Dependencies", "Dependencies", "{F0DDF3B3-220A-4C89-942F-7B1050175F93}"
EndProject
Project("{2150E333-8FDC-42A3-9474-1A3956D46DE8}") = "Public", "Public", "{4286D162-3011-48E0-A5B6-949A222114EC}"
EndProject
Project("{FAE04EC0-301F-11D3-BF4B-00C04F79EFBC}") = "DCFApixels.DragonECS", "Dependencies\Public\DCFApixels.DragonECS\DCFApixels.DragonECS.csproj", "{98D57B00-A37F-491A-BD55-434E57876086}"
EndProject
Project("{FAE04EC0-301F-11D3-BF4B-00C04F79EFBC}") = "Leopotam.EcsLite", "Dependencies\Public\Leopotam.EcsLite\Leopotam.EcsLite.csproj", "{2B353245-8C91-4BE1-A267-E46342BD8752}"
EndProject
Project("{FAE04EC0-301F-11D3-BF4B-00C04F79EFBC}") = "Scellecs.Morpeh", "Dependencies\Public\Scellecs.Morpeh\Scellecs.Morpeh.csproj", "{F1C02C49-5355-4209-9297-4D7996F23704}"
EndProject
Global
	GlobalSection(SolutionConfigurationPlatforms) = preSolution
		Debug|Any CPU = Debug|Any CPU
		Release|Any CPU = Release|Any CPU
	EndGlobalSection
	GlobalSection(ProjectConfigurationPlatforms) = postSolution
		{67C30E06-609E-4386-88A5-F08242ACBFF2}.Debug|Any CPU.ActiveCfg = Debug|Any CPU
		{67C30E06-609E-4386-88A5-F08242ACBFF2}.Debug|Any CPU.Build.0 = Debug|Any CPU
		{67C30E06-609E-4386-88A5-F08242ACBFF2}.Release|Any CPU.ActiveCfg = Release|Any CPU
		{67C30E06-609E-4386-88A5-F08242ACBFF2}.Release|Any CPU.Build.0 = Release|Any CPU
		{6807FD8B-9146-4293-9CCF-AB5863552881}.Debug|Any CPU.ActiveCfg = Debug|Any CPU
		{6807FD8B-9146-4293-9CCF-AB5863552881}.Debug|Any CPU.Build.0 = Debug|Any CPU
		{6807FD8B-9146-4293-9CCF-AB5863552881}.Release|Any CPU.ActiveCfg = Release|Any CPU
		{6807FD8B-9146-4293-9CCF-AB5863552881}.Release|Any CPU.Build.0 = Release|Any CPU
		{B44B2AB0-F287-405B-956E-C5CB0B4F4DC9}.Debug|Any CPU.ActiveCfg = Debug|Any CPU
		{B44B2AB0-F287-405B-956E-C5CB0B4F4DC9}.Debug|Any CPU.Build.0 = Debug|Any CPU
		{B44B2AB0-F287-405B-956E-C5CB0B4F4DC9}.Release|Any CPU.ActiveCfg = Release|Any CPU
		{B44B2AB0-F287-405B-956E-C5CB0B4F4DC9}.Release|Any CPU.Build.0 = Release|Any CPU
		{224542B3-E4B9-410D-B0B8-5FF150E5B9E2}.Debug|Any CPU.ActiveCfg = Debug|Any CPU
		{224542B3-E4B9-410D-B0B8-5FF150E5B9E2}.Debug|Any CPU.Build.0 = Debug|Any CPU
		{224542B3-E4B9-410D-B0B8-5FF150E5B9E2}.Release|Any CPU.ActiveCfg = Release|Any CPU
		{224542B3-E4B9-410D-B0B8-5FF150E5B9E2}.Release|Any CPU.Build.0 = Release|Any CPU
		{3672B2A9-3E1A-43A7-8F75-B1C79A00290E}.Debug|Any CPU.ActiveCfg = Debug|Any CPU
		{3672B2A9-3E1A-43A7-8F75-B1C79A00290E}.Debug|Any CPU.Build.0 = Debug|Any CPU
		{3672B2A9-3E1A-43A7-8F75-B1C79A00290E}.Release|Any CPU.ActiveCfg = Release|Any CPU
		{3672B2A9-3E1A-43A7-8F75-B1C79A00290E}.Release|Any CPU.Build.0 = Release|Any CPU
		{CE5DE06F-6BF8-43B6-ACFC-A46187377582}.Debug|Any CPU.ActiveCfg = Debug|Any CPU
		{CE5DE06F-6BF8-43B6-ACFC-A46187377582}.Debug|Any CPU.Build.0 = Debug|Any CPU
		{CE5DE06F-6BF8-43B6-ACFC-A46187377582}.Release|Any CPU.ActiveCfg = Release|Any CPU
		{CE5DE06F-6BF8-43B6-ACFC-A46187377582}.Release|Any CPU.Build.0 = Release|Any CPU
		{38FE59DD-BAA5-4EED-958E-0653D955C77E}.Debug|Any CPU.ActiveCfg = Debug|Any CPU
		{38FE59DD-BAA5-4EED-958E-0653D955C77E}.Debug|Any CPU.Build.0 = Debug|Any CPU
		{38FE59DD-BAA5-4EED-958E-0653D955C77E}.Release|Any CPU.ActiveCfg = Release|Any CPU
		{38FE59DD-BAA5-4EED-958E-0653D955C77E}.Release|Any CPU.Build.0 = Release|Any CPU
		{772C9C02-03FF-43D2-824F-C8FF0D66B259}.Debug|Any CPU.ActiveCfg = Debug|Any CPU
		{772C9C02-03FF-43D2-824F-C8FF0D66B259}.Debug|Any CPU.Build.0 = Debug|Any CPU
		{772C9C02-03FF-43D2-824F-C8FF0D66B259}.Release|Any CPU.ActiveCfg = Release|Any CPU
		{772C9C02-03FF-43D2-824F-C8FF0D66B259}.Release|Any CPU.Build.0 = Release|Any CPU
		{465D0862-EC5C-49BB-8D43-BE5266BBC022}.Debug|Any CPU.ActiveCfg = Debug|Any CPU
		{465D0862-EC5C-49BB-8D43-BE5266BBC022}.Debug|Any CPU.Build.0 = Debug|Any CPU
		{465D0862-EC5C-49BB-8D43-BE5266BBC022}.Release|Any CPU.ActiveCfg = Release|Any CPU
		{465D0862-EC5C-49BB-8D43-BE5266BBC022}.Release|Any CPU.Build.0 = Release|Any CPU
		{98D57B00-A37F-491A-BD55-434E57876086}.Debug|Any CPU.ActiveCfg = Debug|Any CPU
		{98D57B00-A37F-491A-BD55-434E57876086}.Debug|Any CPU.Build.0 = Debug|Any CPU
		{98D57B00-A37F-491A-BD55-434E57876086}.Release|Any CPU.ActiveCfg = Release|Any CPU
		{98D57B00-A37F-491A-BD55-434E57876086}.Release|Any CPU.Build.0 = Release|Any CPU
		{2B353245-8C91-4BE1-A267-E46342BD8752}.Debug|Any CPU.ActiveCfg = Debug|Any CPU
		{2B353245-8C91-4BE1-A267-E46342BD8752}.Debug|Any CPU.Build.0 = Debug|Any CPU
		{2B353245-8C91-4BE1-A267-E46342BD8752}.Release|Any CPU.ActiveCfg = Release|Any CPU
		{2B353245-8C91-4BE1-A267-E46342BD8752}.Release|Any CPU.Build.0 = Release|Any CPU
		{F1C02C49-5355-4209-9297-4D7996F23704}.Debug|Any CPU.ActiveCfg = Debug|Any CPU
		{F1C02C49-5355-4209-9297-4D7996F23704}.Debug|Any CPU.Build.0 = Debug|Any CPU
		{F1C02C49-5355-4209-9297-4D7996F23704}.Release|Any CPU.ActiveCfg = Release|Any CPU
		{F1C02C49-5355-4209-9297-4D7996F23704}.Release|Any CPU.Build.0 = Release|Any CPU
	EndGlobalSection
	GlobalSection(NestedProjects) = preSolution
		{3672B2A9-3E1A-43A7-8F75-B1C79A00290E} = {ACED2177-0060-4689-8661-09E070EFB9D9}
		{CE5DE06F-6BF8-43B6-ACFC-A46187377582} = {ACED2177-0060-4689-8661-09E070EFB9D9}
		{38FE59DD-BAA5-4EED-958E-0653D955C77E} = {ACED2177-0060-4689-8661-09E070EFB9D9}
		{772C9C02-03FF-43D2-824F-C8FF0D66B259} = {ACED2177-0060-4689-8661-09E070EFB9D9}
		{465D0862-EC5C-49BB-8D43-BE5266BBC022} = {ACED2177-0060-4689-8661-09E070EFB9D9}
		{AC637B20-3767-4AA4-AFE0-9ABC195414C1} = {0188C3CA-2181-4148-A3C1-A177BC87FFF4}
		{4286D162-3011-48E0-A5B6-949A222114EC} = {F0DDF3B3-220A-4C89-942F-7B1050175F93}
		{98D57B00-A37F-491A-BD55-434E57876086} = {4286D162-3011-48E0-A5B6-949A222114EC}
		{2B353245-8C91-4BE1-A267-E46342BD8752} = {4286D162-3011-48E0-A5B6-949A222114EC}
		{F1C02C49-5355-4209-9297-4D7996F23704} = {4286D162-3011-48E0-A5B6-949A222114EC}
		{D6F1A190-90A7-4307-97F5-BDCFB2A9EBF5} = {F0DDF3B3-220A-4C89-942F-7B1050175F93}
		{C38B6FAF-55A2-490B-A779-2B94923A5EB5} = {D6F1A190-90A7-4307-97F5-BDCFB2A9EBF5}
	EndGlobalSection
EndGlobal
