<Solution>
  <Folder Name="/Benchmarks/">
    <Project Path="Benchmarks/Benchmark.DragonEcs/Benchmark.DragonEcs.csproj" />
    <Project Path="Benchmarks/Benchmark.EcsLite/Benchmark.EcsLite.csproj" />
    <Project Path="Benchmarks/Benchmark.FrifloEcs/Benchmark.FrifloEcs.csproj" />
    <Project Path="Benchmarks/Benchmark.MassiveEcs/Benchmark.MassiveEcs.csproj" />
    <Project Path="Benchmarks/Benchmark.Morpeh/Benchmark.Morpeh.csproj" />
    <Project Path="Benchmarks/Benchmark.StaticEcs/Benchmark.StaticEcs.csproj" />
  </Folder>
  <Folder Name="/Dependencies/">
    <Project Path="Dependencies/DCFApixels.DragonECS/DCFApixels.DragonECS.csproj" />
    <Project Path="Dependencies/Leopotam.EcsLite/Leopotam.EcsLite.csproj" />
    <Project Path="Dependencies/Massive/Massive.csproj" />
  </Folder>
  <Project Path="Benchmark.Core/Benchmark.Core.csproj" />
  <Project Path="Benchmark.Generator/Benchmark.Generator.csproj" />
  <Project Path="Benchmark.Runner/Benchmark.Runner.csproj" />
  <Project Path="Benchmark.Tests/Benchmark.Tests.csproj" />
</Solution>
