{
  "name": "Benchmark.ArchEcs",
  "lockfileVersion": 3,
  "requires": true,
  "packages": {
    "": {
      "devDependencies": {
        "ecs.benchmark.archecs": "github:cNoNim/ecs-benchmark-archecs"
      }
    },
    "node_modules/ecs.benchmark.archecs": {
      "version": "1.0.0",
      "resolved": "git+ssh://git@github.com/cNoNim/ecs-benchmark-archecs.git#56bf9d106a95146aaeba2dbe83426c12c284ca92",
      "dev": true
    }
  }
}
