{
  "name": "Scellecs.Morpeh",
  "lockfileVersion": 3,
  "requires": true,
  "packages": {
    "": {
      "devDependencies": {
        "com.scellecs.morpeh": "https://gitpkg.vercel.app/scellecs/morpeh/Scellecs.Morpeh?stage-2024.1"
      }
    },
    "node_modules/com.scellecs.morpeh": {
      "version": "2024.1.0",
      "resolved": "https://gitpkg.vercel.app/scellecs/morpeh/Scellecs.Morpeh?stage-2024.1",
      "integrity": "sha512-P1p4S81NUyneTBBWfs9IksEIclINq+cMZ7BQ6xpaC+eXnQIxIpFzbFg+oaMARn7a5rrmv75nzwCZm1NoP67T+Q==",
      "dev": true
    }
  }
}
