{
  "name": "Leopotam.EcsLite",
  "lockfileVersion": 3,
  "requires": true,
  "packages": {
    "": {
      "devDependencies": {
        "com.leopotam.ecslite": "github:Leopotam/ecslite"
      }
    },
    "node_modules/com.leopotam.ecslite": {
      "version": "2025.4.22",
      "resolved": "git+ssh://git@github.com/Leopotam/ecslite.git#153dfd4043e1471a01a201624dcbebb25436b638",
      "dev": true
    }
  }
}
