{
  "version": 1,
  "dependencies": {
    ".NETStandard,Version=v2.1": {
      "System.Runtime.CompilerServices.Unsafe": {
        "type": "Direct",
        "requested": "[6.1.2, )",
        "resolved": "6.1.2",
        "contentHash": "2hBr6zdbIBTDE3EhK7NSVNdX58uTK6iHW/P/Axmm9sl1xoGSLqDvMtpecn226TNwHByFokYwJmt/aQQNlO5CRw=="
      }
    },
    ".NETStandard,Version=v2.1/linux-x64": {}
  }
}