{
  "name": "Benchmark.Core",
  "lockfileVersion": 3,
  "requires": true,
  "packages": {
    "": {
      "devDependencies": {
        "ecs.benchmark.core": "github:cNoNim/ecs-benchmark-core"
      }
    },
    "node_modules/ecs.benchmark.core": {
      "version": "1.0.0",
      "resolved": "git+ssh://git@github.com/cNoNim/ecs-benchmark-core.git#9e872d1a875bd6f8224a9320ffbb9cce95bbdd69",
      "dev": true
    }
  }
}
