{
  "name": "Benchmark.Core",
  "lockfileVersion": 3,
  "requires": true,
  "packages": {
    "": {
      "devDependencies": {
        "ecs.benchmark.core": "github:cNoNim/ecs-benchmark-core"
      }
    },
    "node_modules/ecs.benchmark.core": {
      "version": "1.0.0",
      "resolved": "git+ssh://git@github.com/cNoNim/ecs-benchmark-core.git#90d487ba323ff0a0ec17fb94a59d0c453d3088c3",
      "dev": true
    }
  }
}
