{
  "name": "Leopotam.EcsLite",
  "lockfileVersion": 3,
  "requires": true,
  "packages": {
    "": {
      "devDependencies": {
        "com.leopotam.ecslite": "github:Leopotam/ecslite"
      }
    },
    "node_modules/com.leopotam.ecslite": {
      "version": "2024.5.22",
      "resolved": "git+ssh://git@github.com/Leopotam/ecslite.git#5053141d7d663c6b1855c8409ac93dfac807b239",
      "dev": true
    }
  }
}
