{
  "name": "Benchmark.Generator",
  "lockfileVersion": 3,
  "requires": true,
  "packages": {
    "": {
      "devDependencies": {
        "ecs.benchmark.core": "github:cNoNim/ecs-benchmark-core"
      }
    },
    "node_modules/ecs.benchmark.core": {
      "version": "1.0.0",
      "resolved": "git+ssh://git@github.com/cNoNim/ecs-benchmark-core.git#d308ba2373d9358bbfec41937e5dc358cdc7fdf6",
      "dev": true
    }
  }
}
