{
  "name": "Benchmark.Generator",
  "lockfileVersion": 3,
  "requires": true,
  "packages": {
    "": {
      "devDependencies": {
        "ecs.benchmark.core": "github:cNoNim/ecs-benchmark-core"
      }
    },
    "node_modules/ecs.benchmark.core": {
      "version": "1.0.0",
      "resolved": "git+ssh://git@github.com/cNoNim/ecs-benchmark-core.git#20aef9e596e7f8f931af25acc44b8ea24d2d964f",
      "dev": true
    }
  }
}
