{
  "name": "Benchmark.DragonEcs",
  "lockfileVersion": 3,
  "requires": true,
  "packages": {
    "": {
      "devDependencies": {
        "ecs.benchmark.dragonecs": "github:cNoNim/ecs-benchmark-dragonecs"
      }
    },
    "node_modules/ecs.benchmark.dragonecs": {
      "version": "1.0.0",
      "resolved": "git+ssh://git@github.com/cNoNim/ecs-benchmark-dragonecs.git#b3451bc70b8e51faf78aa627b6ef7b5dccd5958d",
      "dev": true
    }
  }
}
