{
  "name": "Benchmark.DragonEcs",
  "lockfileVersion": 3,
  "requires": true,
  "packages": {
    "": {
      "devDependencies": {
        "ecs.benchmark.dragonecs": "github:cNoNim/ecs-benchmark-dragonecs"
      }
    },
    "node_modules/ecs.benchmark.dragonecs": {
      "version": "1.0.0",
      "resolved": "git+ssh://git@github.com/cNoNim/ecs-benchmark-dragonecs.git#9990549d0deba7ba99a7cdd942d62a21ebbfa838",
      "dev": true
    }
  }
}
