{
  "name": "Benchmark.DragonEcs",
  "lockfileVersion": 3,
  "requires": true,
  "packages": {
    "": {
      "devDependencies": {
        "ecs.benchmark.dragonecs": "github:cNoNim/ecs-benchmark-dragonecs"
      }
    },
    "node_modules/ecs.benchmark.dragonecs": {
      "version": "1.0.0",
      "resolved": "git+ssh://git@github.com/cNoNim/ecs-benchmark-dragonecs.git#4fa97ede96e24d3d80d5feafa66d9d7076e6abf8",
      "dev": true
    }
  }
}
