{
  "name": "Benchmark.MassiveEcs",
  "lockfileVersion": 3,
  "requires": true,
  "packages": {
    "": {
      "devDependencies": {
        "ecs.benchmark.massiveecs": "github:cNoNim/ecs-benchmark-massiveecs"
      }
    },
    "node_modules/ecs.benchmark.massiveecs": {
      "version": "1.0.0",
      "resolved": "git+ssh://git@github.com/cNoNim/ecs-benchmark-massiveecs.git#9f4526d0723d20c1f09e1487452a532e470036ff",
      "dev": true
    }
  }
}
