{
  "name": "Benchmark.StaticEcs",
  "lockfileVersion": 3,
  "requires": true,
  "packages": {
    "": {
      "devDependencies": {
        "ecs.benchmark.staticecs": "github:cNoNim/ecs-benchmark-staticecs"
      }
    },
    "node_modules/ecs.benchmark.staticecs": {
      "version": "1.0.0",
      "resolved": "git+ssh://git@github.com/cNoNim/ecs-benchmark-staticecs.git#5471c843d743277dfb91cac811a6195af0f91768",
      "dev": true
    }
  }
}
